
Microsoft Visual Studio Solution File, Format Version 12.00
# Visual Studio Version 17
VisualStudioVersion = 17.2.32526.322
MinimumVisualStudioVersion = 10.0.40219.1
Project("{9A19103F-16F7-4668-BE54-9A1E7A4F7556}") = "Belmob", "Belmob.csproj", "{60789963-B237-44A8-BDA2-F45D70DD85D3}"
EndProject
Global
	GlobalSection(SolutionConfigurationPlatforms) = preSolution
		Debug|Any CPU = Debug|Any CPU
		Release|Any CPU = Release|Any CPU
	EndGlobalSection
	GlobalSection(ProjectConfigurationPlatforms) = postSolution
		{60789963-B237-44A8-BDA2-F45D70DD85D3}.Debug|Any CPU.ActiveCfg = Debug|Any CPU
		{60789963-B237-44A8-BDA2-F45D70DD85D3}.Debug|Any CPU.Build.0 = Debug|Any CPU
		{60789963-B237-44A8-BDA2-F45D70DD85D3}.Release|Any CPU.ActiveCfg = Release|Any CPU
		{60789963-B237-44A8-BDA2-F45D70DD85D3}.Release|Any CPU.Build.0 = Release|Any CPU
	EndGlobalSection
	GlobalSection(SolutionProperties) = preSolution
		HideSolutionNode = FALSE
	EndGlobalSection
	GlobalSection(ExtensibilityGlobals) = postSolution
		SolutionGuid = {CAFA07DB-5EC2-4C8D-83A0-F824B38922E4}
	EndGlobalSection
EndGlobal
